{
  "name": "mono-package-solutions",
  "version": "1.0.0",
  "lockfileVersion": 3,
  "requires": true,
  "packages": {
    "": {
      "name": "mono-package-solutions",
      "version": "1.0.0",
      "license": "ISC",
      "workspaces": [
        "design/*"
      ]
    },
    "design/atoms": {
      "name": "@seeliang/mono-atoms",
      "version": "1.0.0",
      "license": "ISC",
      "workspaces": [
        "design/*"
      ]
    },
    "design/molecules": {
      "name": "@seeliang/mono-molecules",
      "version": "1.0.0",
      "license": "ISC",
      "workspaces": [
        "design/*"
      ],
      "dependencies": {
        "@seeliang/mono-atoms": "1.0.0"
      }
    },
    "node_modules/@seeliang/mono-atoms": {
      "resolved": "design/atoms",
      "link": true
    },
    "node_modules/@seeliang/mono-molecules": {
      "resolved": "design/molecules",
      "link": true
    }
  }
}
